github.com/alifnuryana/go-say-hello v1.0.0 h1:hHHS9NJD/VybG2g53YWTNkBydy047JZayKDhaXDN4po=
github.com/alifnuryana/go-say-hello v1.0.0/go.mod h1:N1XR05QScZznsbUEulVYIY4NCl6cbETQFxKrsBNgXCI=
github.com/tiaranrhkmh/go-say-hello v1.1.1-0.20220814105205-7bd1ff14355b h1:cRtn0jew7T3Q83kmVg05Pw4vPlj/qAokmyA87ZY3xrY=
github.com/tiaranrhkmh/go-say-hello v1.1.1-0.20220814105205-7bd1ff14355b/go.mod h1:3cBHGvMbT0kDu6JB4/Q8ZCQautg5HEdGQoXuc5oWfN0=
